
Microsoft Visual Studio Solution File, Format Version 12.00
# Visual Studio 15
VisualStudioVersion = 15.0.26124.0
MinimumVisualStudioVersion = 15.0.26124.0
Project("{FAE04EC0-301F-11D3-BF4B-00C04F79EFBC}") = "myLib", "myLib\myLib.csproj", "{2BC6297A-F3F4-44C7-BE02-D1571E8ED0D9}"
EndProject
Project("{FAE04EC0-301F-11D3-BF4B-00C04F79EFBC}") = "myTests", "myTests\myTests.csproj", "{ED884809-4677-473D-96B2-EF196B1DA714}"
EndProject
Global
	GlobalSection(SolutionConfigurationPlatforms) = preSolution
		Debug|Any CPU = Debug|Any CPU
		Debug|x64 = Debug|x64
		Debug|x86 = Debug|x86
		Release|Any CPU = Release|Any CPU
		Release|x64 = Release|x64
		Release|x86 = Release|x86
	EndGlobalSection
	GlobalSection(SolutionProperties) = preSolution
		HideSolutionNode = FALSE
	EndGlobalSection
	GlobalSection(ProjectConfigurationPlatforms) = postSolution
		{2BC6297A-F3F4-44C7-BE02-D1571E8ED0D9}.Debug|Any CPU.ActiveCfg = Debug|Any CPU
		{2BC6297A-F3F4-44C7-BE02-D1571E8ED0D9}.Debug|Any CPU.Build.0 = Debug|Any CPU
		{2BC6297A-F3F4-44C7-BE02-D1571E8ED0D9}.Debug|x64.ActiveCfg = Debug|Any CPU
		{2BC6297A-F3F4-44C7-BE02-D1571E8ED0D9}.Debug|x64.Build.0 = Debug|Any CPU
		{2BC6297A-F3F4-44C7-BE02-D1571E8ED0D9}.Debug|x86.ActiveCfg = Debug|Any CPU
		{2BC6297A-F3F4-44C7-BE02-D1571E8ED0D9}.Debug|x86.Build.0 = Debug|Any CPU
		{2BC6297A-F3F4-44C7-BE02-D1571E8ED0D9}.Release|Any CPU.ActiveCfg = Release|Any CPU
		{2BC6297A-F3F4-44C7-BE02-D1571E8ED0D9}.Release|Any CPU.Build.0 = Release|Any CPU
		{2BC6297A-F3F4-44C7-BE02-D1571E8ED0D9}.Release|x64.ActiveCfg = Release|Any CPU
		{2BC6297A-F3F4-44C7-BE02-D1571E8ED0D9}.Release|x64.Build.0 = Release|Any CPU
		{2BC6297A-F3F4-44C7-BE02-D1571E8ED0D9}.Release|x86.ActiveCfg = Release|Any CPU
		{2BC6297A-F3F4-44C7-BE02-D1571E8ED0D9}.Release|x86.Build.0 = Release|Any CPU
		{ED884809-4677-473D-96B2-EF196B1DA714}.Debug|Any CPU.ActiveCfg = Debug|Any CPU
		{ED884809-4677-473D-96B2-EF196B1DA714}.Debug|Any CPU.Build.0 = Debug|Any CPU
		{ED884809-4677-473D-96B2-EF196B1DA714}.Debug|x64.ActiveCfg = Debug|Any CPU
		{ED884809-4677-473D-96B2-EF196B1DA714}.Debug|x64.Build.0 = Debug|Any CPU
		{ED884809-4677-473D-96B2-EF196B1DA714}.Debug|x86.ActiveCfg = Debug|Any CPU
		{ED884809-4677-473D-96B2-EF196B1DA714}.Debug|x86.Build.0 = Debug|Any CPU
		{ED884809-4677-473D-96B2-EF196B1DA714}.Release|Any CPU.ActiveCfg = Release|Any CPU
		{ED884809-4677-473D-96B2-EF196B1DA714}.Release|Any CPU.Build.0 = Release|Any CPU
		{ED884809-4677-473D-96B2-EF196B1DA714}.Release|x64.ActiveCfg = Release|Any CPU
		{ED884809-4677-473D-96B2-EF196B1DA714}.Release|x64.Build.0 = Release|Any CPU
		{ED884809-4677-473D-96B2-EF196B1DA714}.Release|x86.ActiveCfg = Release|Any CPU
		{ED884809-4677-473D-96B2-EF196B1DA714}.Release|x86.Build.0 = Release|Any CPU
	EndGlobalSection
EndGlobal
